
Microsoft Visual Studio Solution File, Format Version 12.00
# Visual Studio Version 17
VisualStudioVersion = 17.4.33205.214
MinimumVisualStudioVersion = 10.0.40219.1
Project("{9A19103F-16F7-4668-BE54-9A1E7A4F7556}") = "Rumor", "Rumor\Rumor.csproj", "{C2EA9790-8ED5-417D-801C-4419A5E815DC}"
EndProject
Project("{9A19103F-16F7-4668-BE54-9A1E7A4F7556}") = "agent", "agent\agent.csproj", "{DDB85377-7B72-434A-93D1-0CB4AEB7B468}"
EndProject
Project("{9A19103F-16F7-4668-BE54-9A1E7A4F7556}") = "Network", "Network\Network.csproj", "{4BF1E65D-2F21-45D0-8C0E-66FA28E75B8F}"
EndProject
Project("{9A19103F-16F7-4668-BE54-9A1E7A4F7556}") = "Knowledge", "Knowledge\Knowledge.csproj", "{BC34F323-E0AB-46F5-8BA9-F5BA3DB638BE}"
EndProject
Project("{9A19103F-16F7-4668-BE54-9A1E7A4F7556}") = "Experiment", "Experiment\Experiment.csproj", "{03F41FEC-12EA-4A52-A686-5231C5C1931B}"
EndProject
Project("{9A19103F-16F7-4668-BE54-9A1E7A4F7556}") = "Data", "data\Data.csproj", "{C2588DC9-6352-4C34-9D11-A55F3DF0C4E0}"
EndProject
Project("{9A19103F-16F7-4668-BE54-9A1E7A4F7556}") = "Domain", "domain\Domain.csproj", "{BD3B6B11-3164-473E-9298-D16F5E0CBB7B}"
EndProject
Project("{9A19103F-16F7-4668-BE54-9A1E7A4F7556}") = "Resource", "Resource\Resource.csproj", "{B19A4EF8-908B-4DCC-9C24-330682292631}"
EndProject
Global
	GlobalSection(SolutionConfigurationPlatforms) = preSolution
		Debug|Any CPU = Debug|Any CPU
		Release|Any CPU = Release|Any CPU
	EndGlobalSection
	GlobalSection(ProjectConfigurationPlatforms) = postSolution
		{C2EA9790-8ED5-417D-801C-4419A5E815DC}.Debug|Any CPU.ActiveCfg = Debug|Any CPU
		{C2EA9790-8ED5-417D-801C-4419A5E815DC}.Debug|Any CPU.Build.0 = Debug|Any CPU
		{C2EA9790-8ED5-417D-801C-4419A5E815DC}.Release|Any CPU.ActiveCfg = Release|Any CPU
		{C2EA9790-8ED5-417D-801C-4419A5E815DC}.Release|Any CPU.Build.0 = Release|Any CPU
		{DDB85377-7B72-434A-93D1-0CB4AEB7B468}.Debug|Any CPU.ActiveCfg = Debug|Any CPU
		{DDB85377-7B72-434A-93D1-0CB4AEB7B468}.Debug|Any CPU.Build.0 = Debug|Any CPU
		{DDB85377-7B72-434A-93D1-0CB4AEB7B468}.Release|Any CPU.ActiveCfg = Release|Any CPU
		{DDB85377-7B72-434A-93D1-0CB4AEB7B468}.Release|Any CPU.Build.0 = Release|Any CPU
		{4BF1E65D-2F21-45D0-8C0E-66FA28E75B8F}.Debug|Any CPU.ActiveCfg = Debug|Any CPU
		{4BF1E65D-2F21-45D0-8C0E-66FA28E75B8F}.Debug|Any CPU.Build.0 = Debug|Any CPU
		{4BF1E65D-2F21-45D0-8C0E-66FA28E75B8F}.Release|Any CPU.ActiveCfg = Release|Any CPU
		{4BF1E65D-2F21-45D0-8C0E-66FA28E75B8F}.Release|Any CPU.Build.0 = Release|Any CPU
		{BC34F323-E0AB-46F5-8BA9-F5BA3DB638BE}.Debug|Any CPU.ActiveCfg = Debug|Any CPU
		{BC34F323-E0AB-46F5-8BA9-F5BA3DB638BE}.Debug|Any CPU.Build.0 = Debug|Any CPU
		{BC34F323-E0AB-46F5-8BA9-F5BA3DB638BE}.Release|Any CPU.ActiveCfg = Release|Any CPU
		{BC34F323-E0AB-46F5-8BA9-F5BA3DB638BE}.Release|Any CPU.Build.0 = Release|Any CPU
		{03F41FEC-12EA-4A52-A686-5231C5C1931B}.Debug|Any CPU.ActiveCfg = Debug|Any CPU
		{03F41FEC-12EA-4A52-A686-5231C5C1931B}.Debug|Any CPU.Build.0 = Debug|Any CPU
		{03F41FEC-12EA-4A52-A686-5231C5C1931B}.Release|Any CPU.ActiveCfg = Release|Any CPU
		{03F41FEC-12EA-4A52-A686-5231C5C1931B}.Release|Any CPU.Build.0 = Release|Any CPU
		{C2588DC9-6352-4C34-9D11-A55F3DF0C4E0}.Debug|Any CPU.ActiveCfg = Debug|Any CPU
		{C2588DC9-6352-4C34-9D11-A55F3DF0C4E0}.Debug|Any CPU.Build.0 = Debug|Any CPU
		{C2588DC9-6352-4C34-9D11-A55F3DF0C4E0}.Release|Any CPU.ActiveCfg = Release|Any CPU
		{C2588DC9-6352-4C34-9D11-A55F3DF0C4E0}.Release|Any CPU.Build.0 = Release|Any CPU
		{BD3B6B11-3164-473E-9298-D16F5E0CBB7B}.Debug|Any CPU.ActiveCfg = Debug|Any CPU
		{BD3B6B11-3164-473E-9298-D16F5E0CBB7B}.Debug|Any CPU.Build.0 = Debug|Any CPU
		{BD3B6B11-3164-473E-9298-D16F5E0CBB7B}.Release|Any CPU.ActiveCfg = Release|Any CPU
		{BD3B6B11-3164-473E-9298-D16F5E0CBB7B}.Release|Any CPU.Build.0 = Release|Any CPU
		{B19A4EF8-908B-4DCC-9C24-330682292631}.Debug|Any CPU.ActiveCfg = Debug|Any CPU
		{B19A4EF8-908B-4DCC-9C24-330682292631}.Debug|Any CPU.Build.0 = Debug|Any CPU
		{B19A4EF8-908B-4DCC-9C24-330682292631}.Release|Any CPU.ActiveCfg = Release|Any CPU
		{B19A4EF8-908B-4DCC-9C24-330682292631}.Release|Any CPU.Build.0 = Release|Any CPU
	EndGlobalSection
	GlobalSection(SolutionProperties) = preSolution
		HideSolutionNode = FALSE
	EndGlobalSection
	GlobalSection(ExtensibilityGlobals) = postSolution
		SolutionGuid = {BEB5D963-FAB4-4E59-9277-A1A015B96A88}
	EndGlobalSection
EndGlobal
